
Microsoft Visual Studio Solution File, Format Version 12.00
# Visual Studio Version 17
VisualStudioVersion = 17.3.32804.467
MinimumVisualStudioVersion = 10.0.40219.1
Project("{FAE04EC0-301F-11D3-BF4B-00C04F79EFBC}") = "19Augustex", "19Augustex\19Augustex.csproj", "{BE9714D8-E714-4AFA-ACB8-B5D5962E3454}"
EndProject
Global
	GlobalSection(SolutionConfigurationPlatforms) = preSolution
		Debug|Any CPU = Debug|Any CPU
		Release|Any CPU = Release|Any CPU
	EndGlobalSection
	GlobalSection(ProjectConfigurationPlatforms) = postSolution
		{BE9714D8-E714-4AFA-ACB8-B5D5962E3454}.Debug|Any CPU.ActiveCfg = Debug|Any CPU
		{BE9714D8-E714-4AFA-ACB8-B5D5962E3454}.Debug|Any CPU.Build.0 = Debug|Any CPU
		{BE9714D8-E714-4AFA-ACB8-B5D5962E3454}.Release|Any CPU.ActiveCfg = Release|Any CPU
		{BE9714D8-E714-4AFA-ACB8-B5D5962E3454}.Release|Any CPU.Build.0 = Release|Any CPU
	EndGlobalSection
	GlobalSection(SolutionProperties) = preSolution
		HideSolutionNode = FALSE
	EndGlobalSection
	GlobalSection(ExtensibilityGlobals) = postSolution
		SolutionGuid = {3304DA24-A652-4805-ACD8-17DC8630F54C}
	EndGlobalSection
EndGlobal
